
Microsoft Visual Studio Solution File, Format Version 12.00
# Visual Studio Version 16
VisualStudioVersion = 16.0.31424.327
MinimumVisualStudioVersion = 10.0.40219.1
Project("{FAE04EC0-301F-11D3-BF4B-00C04F79EFBC}") = "prjSecondApplication", "prjSecondApplication.csproj", "{AFD8D0E9-16EC-481D-A536-D362B82A5A36}"
EndProject
Project("{FAE04EC0-301F-11D3-BF4B-00C04F79EFBC}") = "Assignments", "..\Assignment\Assignments\Assignments.csproj", "{8AF426C5-0BCF-4F33-A1A7-01823405CAD5}"
EndProject
Global
	GlobalSection(SolutionConfigurationPlatforms) = preSolution
		Debug|Any CPU = Debug|Any CPU
		Release|Any CPU = Release|Any CPU
	EndGlobalSection
	GlobalSection(ProjectConfigurationPlatforms) = postSolution
		{AFD8D0E9-16EC-481D-A536-D362B82A5A36}.Debug|Any CPU.ActiveCfg = Debug|Any CPU
		{AFD8D0E9-16EC-481D-A536-D362B82A5A36}.Debug|Any CPU.Build.0 = Debug|Any CPU
		{AFD8D0E9-16EC-481D-A536-D362B82A5A36}.Release|Any CPU.ActiveCfg = Release|Any CPU
		{AFD8D0E9-16EC-481D-A536-D362B82A5A36}.Release|Any CPU.Build.0 = Release|Any CPU
		{8AF426C5-0BCF-4F33-A1A7-01823405CAD5}.Debug|Any CPU.ActiveCfg = Debug|Any CPU
		{8AF426C5-0BCF-4F33-A1A7-01823405CAD5}.Debug|Any CPU.Build.0 = Debug|Any CPU
		{8AF426C5-0BCF-4F33-A1A7-01823405CAD5}.Release|Any CPU.ActiveCfg = Release|Any CPU
		{8AF426C5-0BCF-4F33-A1A7-01823405CAD5}.Release|Any CPU.Build.0 = Release|Any CPU
	EndGlobalSection
	GlobalSection(SolutionProperties) = preSolution
		HideSolutionNode = FALSE
	EndGlobalSection
	GlobalSection(ExtensibilityGlobals) = postSolution
		SolutionGuid = {4538E43B-F6E9-46B7-AF5F-3AC34D894C51}
	EndGlobalSection
EndGlobal
